
Microsoft Visual Studio Solution File, Format Version 12.00
# Visual Studio Version 16
VisualStudioVersion = 16.0.32002.261
MinimumVisualStudioVersion = 10.0.40219.1
Project("{FAE04EC0-301F-11D3-BF4B-00C04F79EFBC}") = "DateMe", "DateMe\DateMe.csproj", "{95699C09-F452-4F6C-AFFF-5CBF1D0692A9}"
EndProject
Global
	GlobalSection(SolutionConfigurationPlatforms) = preSolution
		Debug|Any CPU = Debug|Any CPU
		Release|Any CPU = Release|Any CPU
	EndGlobalSection
	GlobalSection(ProjectConfigurationPlatforms) = postSolution
		{95699C09-F452-4F6C-AFFF-5CBF1D0692A9}.Debug|Any CPU.ActiveCfg = Debug|Any CPU
		{95699C09-F452-4F6C-AFFF-5CBF1D0692A9}.Debug|Any CPU.Build.0 = Debug|Any CPU
		{95699C09-F452-4F6C-AFFF-5CBF1D0692A9}.Release|Any CPU.ActiveCfg = Release|Any CPU
		{95699C09-F452-4F6C-AFFF-5CBF1D0692A9}.Release|Any CPU.Build.0 = Release|Any CPU
	EndGlobalSection
	GlobalSection(SolutionProperties) = preSolution
		HideSolutionNode = FALSE
	EndGlobalSection
	GlobalSection(ExtensibilityGlobals) = postSolution
		SolutionGuid = {777573D6-3DCC-4321-B2D4-88F55449AD56}
	EndGlobalSection
EndGlobal
